// !$*UTF8*$!
{
	archiveVersion = 1;
	classes = {
	};
	objectVersion = 51;
	objects = {

/* Begin PBXBuildFile section */
		841B332B24BAF1210005311E /* MainTabBarController.swift in Sources */ = {isa = PBXBuildFile; fileRef = 841B332A24BAF1210005311E /* MainTabBarController.swift */; };
		8437D9E324D6831700D0FDB3 /* GRUModel.mlmodel in Sources */ = {isa = PBXBuildFile; fileRef = 8437D9E224D6831700D0FDB3 /* GRUModel.mlmodel */; };
		8437D9E524D7F62600D0FDB3 /* august_1.json in Resources */ = {isa = PBXBuildFile; fileRef = 8437D9E424D7F62400D0FDB3 /* august_1.json */; };
		8437D9E724D7F63600D0FDB3 /* NewGRUModel.mlmodel in Sources */ = {isa = PBXBuildFile; fileRef = 8437D9E624D7F63600D0FDB3 /* NewGRUModel.mlmodel */; };
		8437D9E924D7F91700D0FDB3 /* GRUModel2.mlmodel in Sources */ = {isa = PBXBuildFile; fileRef = 8437D9E824D7F91700D0FDB3 /* GRUModel2.mlmodel */; };
		8437D9EB24D811A900D0FDB3 /* UserProfileViewController.swift in Sources */ = {isa = PBXBuildFile; fileRef = 8437D9EA24D811A900D0FDB3 /* UserProfileViewController.swift */; };
		844E845324BBD0CA00A336EC /* ConfirmViewController.swift in Sources */ = {isa = PBXBuildFile; fileRef = 844E845224BBD0CA00A336EC /* ConfirmViewController.swift */; };
		844E845F24BD9A2F00A336EC /* RecapViewController.swift in Sources */ = {isa = PBXBuildFile; fileRef = 844E845E24BD9A2F00A336EC /* RecapViewController.swift */; };
		84571F1A24CE9590004AE9A3 /* GoogleService-Info.plist in Resources */ = {isa = PBXBuildFile; fileRef = 84571F1924CE9590004AE9A3 /* GoogleService-Info.plist */; };
		84571F1C24D019DB004AE9A3 /* PopUpViewController.swift in Sources */ = {isa = PBXBuildFile; fileRef = 84571F1B24D019DB004AE9A3 /* PopUpViewController.swift */; };
		84571F1E24D02388004AE9A3 /* FeedbackViewController.swift in Sources */ = {isa = PBXBuildFile; fileRef = 84571F1D24D02388004AE9A3 /* FeedbackViewController.swift */; };
		84571F2024D02ECB004AE9A3 /* UserFeedbackViewController.swift in Sources */ = {isa = PBXBuildFile; fileRef = 84571F1F24D02ECB004AE9A3 /* UserFeedbackViewController.swift */; };
		84571F2C24D1461A004AE9A3 /* ReflectViewController.swift in Sources */ = {isa = PBXBuildFile; fileRef = 84571F2B24D1461A004AE9A3 /* ReflectViewController.swift */; };
		84571F2E24D16721004AE9A3 /* Contants.swift in Sources */ = {isa = PBXBuildFile; fileRef = 84571F2D24D16721004AE9A3 /* Contants.swift */; };
		84571F3024D2B8BF004AE9A3 /* MonthlyViewController.swift in Sources */ = {isa = PBXBuildFile; fileRef = 84571F2F24D2B8BF004AE9A3 /* MonthlyViewController.swift */; };
		84571F3224D2BA47004AE9A3 /* YearlyViewController.swift in Sources */ = {isa = PBXBuildFile; fileRef = 84571F3124D2BA47004AE9A3 /* YearlyViewController.swift */; };
		84571F3424D3E8C8004AE9A3 /* BreakdownViewController.swift in Sources */ = {isa = PBXBuildFile; fileRef = 84571F3324D3E8C8004AE9A3 /* BreakdownViewController.swift */; };
		84571F3824D3F26D004AE9A3 /* july_30_v24.json in Resources */ = {isa = PBXBuildFile; fileRef = 84571F3724D3F26D004AE9A3 /* july_30_v24.json */; };
		84571F3A24D3F5B4004AE9A3 /* StackedGRUModelv24.mlmodel in Sources */ = {isa = PBXBuildFile; fileRef = 84571F3924D3F5B4004AE9A3 /* StackedGRUModelv24.mlmodel */; };
		84571F3C24D55D74004AE9A3 /* GIPHYViewController.swift in Sources */ = {isa = PBXBuildFile; fileRef = 84571F3B24D55D74004AE9A3 /* GIPHYViewController.swift */; };
		84571F3F24D55FED004AE9A3 /* GifNetwork.swift in Sources */ = {isa = PBXBuildFile; fileRef = 84571F3E24D55FED004AE9A3 /* GifNetwork.swift */; };
		84571F4124D5643B004AE9A3 /* GIF.swift in Sources */ = {isa = PBXBuildFile; fileRef = 84571F4024D5643B004AE9A3 /* GIF.swift */; };
		84571F4324D681FD004AE9A3 /* StackedGRUModel.mlmodel in Sources */ = {isa = PBXBuildFile; fileRef = 84571F4224D681FD004AE9A3 /* StackedGRUModel.mlmodel */; };
		84571F4524D6821B004AE9A3 /* july_31_v2.json in Resources */ = {isa = PBXBuildFile; fileRef = 84571F4424D6821B004AE9A3 /* july_31_v2.json */; };
		845E267F24BDB6CB00615B4B /* DayCell.swift in Sources */ = {isa = PBXBuildFile; fileRef = 845E267E24BDB6CB00615B4B /* DayCell.swift */; };
		847D870624C2D87F000254D9 /* SignUpViewController.swift in Sources */ = {isa = PBXBuildFile; fileRef = 847D870524C2D87F000254D9 /* SignUpViewController.swift */; };
		847D870C24C2DA12000254D9 /* SignInViewController.swift in Sources */ = {isa = PBXBuildFile; fileRef = 847D870B24C2DA12000254D9 /* SignInViewController.swift */; };
		847D870E24C2DBAC000254D9 /* FirstViewController.swift in Sources */ = {isa = PBXBuildFile; fileRef = 847D870D24C2DBAC000254D9 /* FirstViewController.swift */; };
		848A38F824C6D62800769850 /* AnalyticsHomeViewController.swift in Sources */ = {isa = PBXBuildFile; fileRef = 848A38F724C6D62800769850 /* AnalyticsHomeViewController.swift */; };
		848A38FA24C6D7F500769850 /* WeeklyViewController.swift in Sources */ = {isa = PBXBuildFile; fileRef = 848A38F924C6D7F500769850 /* WeeklyViewController.swift */; };
		848A38FE24CD488000769850 /* july_24_v4.json in Resources */ = {isa = PBXBuildFile; fileRef = 848A38FD24CD487F00769850 /* july_24_v4.json */; };
		8498B21724ADD0F10083E8A7 /* AppDelegate.swift in Sources */ = {isa = PBXBuildFile; fileRef = 8498B21624ADD0F10083E8A7 /* AppDelegate.swift */; };
		8498B21924ADD0F10083E8A7 /* SceneDelegate.swift in Sources */ = {isa = PBXBuildFile; fileRef = 8498B21824ADD0F10083E8A7 /* SceneDelegate.swift */; };
		8498B21B24ADD0F10083E8A7 /* QuestionViewController.swift in Sources */ = {isa = PBXBuildFile; fileRef = 8498B21A24ADD0F10083E8A7 /* QuestionViewController.swift */; };
		8498B21E24ADD0F10083E8A7 /* Main.storyboard in Resources */ = {isa = PBXBuildFile; fileRef = 8498B21C24ADD0F10083E8A7 /* Main.storyboard */; };
		8498B22024ADD0F60083E8A7 /* Assets.xcassets in Resources */ = {isa = PBXBuildFile; fileRef = 8498B21F24ADD0F60083E8A7 /* Assets.xcassets */; };
		8498B22324ADD0F60083E8A7 /* LaunchScreen.storyboard in Resources */ = {isa = PBXBuildFile; fileRef = 8498B22124ADD0F60083E8A7 /* LaunchScreen.storyboard */; };
		8498B22E24ADD0F60083E8A7 /* MentalHealthAITests.swift in Sources */ = {isa = PBXBuildFile; fileRef = 8498B22D24ADD0F60083E8A7 /* MentalHealthAITests.swift */; };
		8498B23924ADD0F60083E8A7 /* MentalHealthAIUITests.swift in Sources */ = {isa = PBXBuildFile; fileRef = 8498B23824ADD0F60083E8A7 /* MentalHealthAIUITests.swift */; };
		84EF337D24DFF27200C4A06B /* SF-Pro.ttf in Resources */ = {isa = PBXBuildFile; fileRef = 84EF337C24DFF27200C4A06B /* SF-Pro.ttf */; };
		84EF338024DFF53700C4A06B /* SF-Pro-Display-Semibold.otf in Resources */ = {isa = PBXBuildFile; fileRef = 84EF337F24DFF53700C4A06B /* SF-Pro-Display-Semibold.otf */; };
		84EF338124DFF53E00C4A06B /* SF-Pro-Display-Heavy.otf in Resources */ = {isa = PBXBuildFile; fileRef = 84EF337E24DFF3B600C4A06B /* SF-Pro-Display-Heavy.otf */; };
		AA54D36FC879392BE83A80BA /* Pods_MentalHealthAI.framework in Frameworks */ = {isa = PBXBuildFile; fileRef = 2B21EA894DBC1319397F6112 /* Pods_MentalHealthAI.framework */; };
		DC24E6931197577AC7C487F8 /* Pods_MentalHealthAI_MentalHealthAIUITests.framework in Frameworks */ = {isa = PBXBuildFile; fileRef = E5D11EAA186FAF7DF6BD5436 /* Pods_MentalHealthAI_MentalHealthAIUITests.framework */; };
		F94A44D1A62E171E2FBB24EE /* Pods_MentalHealthAITests.framework in Frameworks */ = {isa = PBXBuildFile; fileRef = F35534C0B0E26ED19A6ACBA3 /* Pods_MentalHealthAITests.framework */; };
/* End PBXBuildFile section */

/* Begin PBXContainerItemProxy section */
		8498B22A24ADD0F60083E8A7 /* PBXContainerItemProxy */ = {
			isa = PBXContainerItemProxy;
			containerPortal = 8498B20B24ADD0F10083E8A7 /* Project object */;
			proxyType = 1;
			remoteGlobalIDString = 8498B21224ADD0F10083E8A7;
			remoteInfo = MentalHealthAI;
		};
		8498B23524ADD0F60083E8A7 /* PBXContainerItemProxy */ = {
			isa = PBXContainerItemProxy;
			containerPortal = 8498B20B24ADD0F10083E8A7 /* Project object */;
			proxyType = 1;
			remoteGlobalIDString = 8498B21224ADD0F10083E8A7;
			remoteInfo = MentalHealthAI;
		};
/* End PBXContainerItemProxy section */

/* Begin PBXFileReference section */
		05D9912A7660B5387C76D9AD /* Pods-MentalHealthAI.release.xcconfig */ = {isa = PBXFileReference; includeInIndex = 1; lastKnownFileType = text.xcconfig; name = "Pods-MentalHealthAI.release.xcconfig"; path = "Target Support Files/Pods-MentalHealthAI/Pods-MentalHealthAI.release.xcconfig"; sourceTree = "<group>"; };
		0B587908DDA60DCD2F115065 /* Pods-MentalHealthAITests.release.xcconfig */ = {isa = PBXFileReference; includeInIndex = 1; lastKnownFileType = text.xcconfig; name = "Pods-MentalHealthAITests.release.xcconfig"; path = "Target Support Files/Pods-MentalHealthAITests/Pods-MentalHealthAITests.release.xcconfig"; sourceTree = "<group>"; };
		2B21EA894DBC1319397F6112 /* Pods_MentalHealthAI.framework */ = {isa = PBXFileReference; explicitFileType = wrapper.framework; includeInIndex = 0; path = Pods_MentalHealthAI.framework; sourceTree = BUILT_PRODUCTS_DIR; };
		30F5DF44AA48F1A96C21FB59 /* Pods-MentalHealthAITests.debug.xcconfig */ = {isa = PBXFileReference; includeInIndex = 1; lastKnownFileType = text.xcconfig; name = "Pods-MentalHealthAITests.debug.xcconfig"; path = "Target Support Files/Pods-MentalHealthAITests/Pods-MentalHealthAITests.debug.xcconfig"; sourceTree = "<group>"; };
		82055F4587DFCE6C35FC00FA /* Pods-MentalHealthAI-MentalHealthAIUITests.debug.xcconfig */ = {isa = PBXFileReference; includeInIndex = 1; lastKnownFileType = text.xcconfig; name = "Pods-MentalHealthAI-MentalHealthAIUITests.debug.xcconfig"; path = "Target Support Files/Pods-MentalHealthAI-MentalHealthAIUITests/Pods-MentalHealthAI-MentalHealthAIUITests.debug.xcconfig"; sourceTree = "<group>"; };
		841B332A24BAF1210005311E /* MainTabBarController.swift */ = {isa = PBXFileReference; lastKnownFileType = sourcecode.swift; path = MainTabBarController.swift; sourceTree = "<group>"; };
		8437D9E224D6831700D0FDB3 /* GRUModel.mlmodel */ = {isa = PBXFileReference; lastKnownFileType = file.mlmodel; path = GRUModel.mlmodel; sourceTree = "<group>"; };
		8437D9E424D7F62400D0FDB3 /* august_1.json */ = {isa = PBXFileReference; fileEncoding = 4; lastKnownFileType = text.json; path = august_1.json; sourceTree = "<group>"; };
		8437D9E624D7F63600D0FDB3 /* NewGRUModel.mlmodel */ = {isa = PBXFileReference; lastKnownFileType = file.mlmodel; path = NewGRUModel.mlmodel; sourceTree = "<group>"; };
		8437D9E824D7F91700D0FDB3 /* GRUModel2.mlmodel */ = {isa = PBXFileReference; lastKnownFileType = file.mlmodel; path = GRUModel2.mlmodel; sourceTree = "<group>"; };
		8437D9EA24D811A900D0FDB3 /* UserProfileViewController.swift */ = {isa = PBXFileReference; lastKnownFileType = sourcecode.swift; path = UserProfileViewController.swift; sourceTree = "<group>"; };
		8437D9EC24D956D400D0FDB3 /* MentalHealthAI.entitlements */ = {isa = PBXFileReference; lastKnownFileType = text.plist.entitlements; path = MentalHealthAI.entitlements; sourceTree = "<group>"; };
		844E845224BBD0CA00A336EC /* ConfirmViewController.swift */ = {isa = PBXFileReference; lastKnownFileType = sourcecode.swift; path = ConfirmViewController.swift; sourceTree = "<group>"; };
		844E845E24BD9A2F00A336EC /* RecapViewController.swift */ = {isa = PBXFileReference; lastKnownFileType = sourcecode.swift; path = RecapViewController.swift; sourceTree = "<group>"; };
		84571F1924CE9590004AE9A3 /* GoogleService-Info.plist */ = {isa = PBXFileReference; fileEncoding = 4; lastKnownFileType = text.plist.xml; path = "GoogleService-Info.plist"; sourceTree = "<group>"; };
		84571F1B24D019DB004AE9A3 /* PopUpViewController.swift */ = {isa = PBXFileReference; lastKnownFileType = sourcecode.swift; path = PopUpViewController.swift; sourceTree = "<group>"; };
		84571F1D24D02388004AE9A3 /* FeedbackViewController.swift */ = {isa = PBXFileReference; lastKnownFileType = sourcecode.swift; path = FeedbackViewController.swift; sourceTree = "<group>"; };
		84571F1F24D02ECB004AE9A3 /* UserFeedbackViewController.swift */ = {isa = PBXFileReference; lastKnownFileType = sourcecode.swift; path = UserFeedbackViewController.swift; sourceTree = "<group>"; };
		84571F2B24D1461A004AE9A3 /* ReflectViewController.swift */ = {isa = PBXFileReference; lastKnownFileType = sourcecode.swift; path = ReflectViewController.swift; sourceTree = "<group>"; };
		84571F2D24D16721004AE9A3 /* Contants.swift */ = {isa = PBXFileReference; lastKnownFileType = sourcecode.swift; path = Contants.swift; sourceTree = "<group>"; };
		84571F2F24D2B8BF004AE9A3 /* MonthlyViewController.swift */ = {isa = PBXFileReference; lastKnownFileType = sourcecode.swift; path = MonthlyViewController.swift; sourceTree = "<group>"; };
		84571F3124D2BA47004AE9A3 /* YearlyViewController.swift */ = {isa = PBXFileReference; lastKnownFileType = sourcecode.swift; path = YearlyViewController.swift; sourceTree = "<group>"; };
		84571F3324D3E8C8004AE9A3 /* BreakdownViewController.swift */ = {isa = PBXFileReference; lastKnownFileType = sourcecode.swift; path = BreakdownViewController.swift; sourceTree = "<group>"; };
		84571F3724D3F26D004AE9A3 /* july_30_v24.json */ = {isa = PBXFileReference; fileEncoding = 4; lastKnownFileType = text.json; path = july_30_v24.json; sourceTree = "<group>"; };
		84571F3924D3F5B4004AE9A3 /* StackedGRUModelv24.mlmodel */ = {isa = PBXFileReference; lastKnownFileType = file.mlmodel; path = StackedGRUModelv24.mlmodel; sourceTree = "<group>"; };
		84571F3B24D55D74004AE9A3 /* GIPHYViewController.swift */ = {isa = PBXFileReference; lastKnownFileType = sourcecode.swift; path = GIPHYViewController.swift; sourceTree = "<group>"; };
		84571F3E24D55FED004AE9A3 /* GifNetwork.swift */ = {isa = PBXFileReference; lastKnownFileType = sourcecode.swift; path = GifNetwork.swift; sourceTree = "<group>"; };
		84571F4024D5643B004AE9A3 /* GIF.swift */ = {isa = PBXFileReference; lastKnownFileType = sourcecode.swift; path = GIF.swift; sourceTree = "<group>"; };
		84571F4224D681FD004AE9A3 /* StackedGRUModel.mlmodel */ = {isa = PBXFileReference; lastKnownFileType = file.mlmodel; name = StackedGRUModel.mlmodel; path = ../../../../../Downloads/StackedGRUModel.mlmodel; sourceTree = "<group>"; };
		84571F4424D6821B004AE9A3 /* july_31_v2.json */ = {isa = PBXFileReference; fileEncoding = 4; lastKnownFileType = text.json; path = july_31_v2.json; sourceTree = "<group>"; };
		845E267E24BDB6CB00615B4B /* DayCell.swift */ = {isa = PBXFileReference; lastKnownFileType = sourcecode.swift; path = DayCell.swift; sourceTree = "<group>"; };
		847D870524C2D87F000254D9 /* SignUpViewController.swift */ = {isa = PBXFileReference; lastKnownFileType = sourcecode.swift; path = SignUpViewController.swift; sourceTree = "<group>"; };
		847D870B24C2DA12000254D9 /* SignInViewController.swift */ = {isa = PBXFileReference; lastKnownFileType = sourcecode.swift; path = SignInViewController.swift; sourceTree = "<group>"; };
		847D870D24C2DBAC000254D9 /* FirstViewController.swift */ = {isa = PBXFileReference; lastKnownFileType = sourcecode.swift; path = FirstViewController.swift; sourceTree = "<group>"; };
		848A38F724C6D62800769850 /* AnalyticsHomeViewController.swift */ = {isa = PBXFileReference; lastKnownFileType = sourcecode.swift; path = AnalyticsHomeViewController.swift; sourceTree = "<group>"; };
		848A38F924C6D7F500769850 /* WeeklyViewController.swift */ = {isa = PBXFileReference; lastKnownFileType = sourcecode.swift; path = WeeklyViewController.swift; sourceTree = "<group>"; };
		848A38FD24CD487F00769850 /* july_24_v4.json */ = {isa = PBXFileReference; fileEncoding = 4; lastKnownFileType = text.json; path = july_24_v4.json; sourceTree = "<group>"; };
		8498B21324ADD0F10083E8A7 /* MentalHealthAI.app */ = {isa = PBXFileReference; explicitFileType = wrapper.application; includeInIndex = 0; path = MentalHealthAI.app; sourceTree = BUILT_PRODUCTS_DIR; };
		8498B21624ADD0F10083E8A7 /* AppDelegate.swift */ = {isa = PBXFileReference; lastKnownFileType = sourcecode.swift; path = AppDelegate.swift; sourceTree = "<group>"; };
		8498B21824ADD0F10083E8A7 /* SceneDelegate.swift */ = {isa = PBXFileReference; lastKnownFileType = sourcecode.swift; path = SceneDelegate.swift; sourceTree = "<group>"; };
		8498B21A24ADD0F10083E8A7 /* QuestionViewController.swift */ = {isa = PBXFileReference; lastKnownFileType = sourcecode.swift; path = QuestionViewController.swift; sourceTree = "<group>"; };
		8498B21D24ADD0F10083E8A7 /* Base */ = {isa = PBXFileReference; lastKnownFileType = file.storyboard; name = Base; path = Base.lproj/Main.storyboard; sourceTree = "<group>"; };
		8498B21F24ADD0F60083E8A7 /* Assets.xcassets */ = {isa = PBXFileReference; lastKnownFileType = folder.assetcatalog; path = Assets.xcassets; sourceTree = "<group>"; };
		8498B22224ADD0F60083E8A7 /* Base */ = {isa = PBXFileReference; lastKnownFileType = file.storyboard; name = Base; path = Base.lproj/LaunchScreen.storyboard; sourceTree = "<group>"; };
		8498B22424ADD0F60083E8A7 /* Info.plist */ = {isa = PBXFileReference; lastKnownFileType = text.plist.xml; path = Info.plist; sourceTree = "<group>"; };
		8498B22924ADD0F60083E8A7 /* MentalHealthAITests.xctest */ = {isa = PBXFileReference; explicitFileType = wrapper.cfbundle; includeInIndex = 0; path = MentalHealthAITests.xctest; sourceTree = BUILT_PRODUCTS_DIR; };
		8498B22D24ADD0F60083E8A7 /* MentalHealthAITests.swift */ = {isa = PBXFileReference; lastKnownFileType = sourcecode.swift; path = MentalHealthAITests.swift; sourceTree = "<group>"; };
		8498B22F24ADD0F60083E8A7 /* Info.plist */ = {isa = PBXFileReference; lastKnownFileType = text.plist.xml; path = Info.plist; sourceTree = "<group>"; };
		8498B23424ADD0F60083E8A7 /* MentalHealthAIUITests.xctest */ = {isa = PBXFileReference; explicitFileType = wrapper.cfbundle; includeInIndex = 0; path = MentalHealthAIUITests.xctest; sourceTree = BUILT_PRODUCTS_DIR; };
		8498B23824ADD0F60083E8A7 /* MentalHealthAIUITests.swift */ = {isa = PBXFileReference; lastKnownFileType = sourcecode.swift; path = MentalHealthAIUITests.swift; sourceTree = "<group>"; };
		8498B23A24ADD0F60083E8A7 /* Info.plist */ = {isa = PBXFileReference; lastKnownFileType = text.plist.xml; path = Info.plist; sourceTree = "<group>"; };
		84EF337C24DFF27200C4A06B /* SF-Pro.ttf */ = {isa = PBXFileReference; lastKnownFileType = file; path = "SF-Pro.ttf"; sourceTree = "<group>"; };
		84EF337E24DFF3B600C4A06B /* SF-Pro-Display-Heavy.otf */ = {isa = PBXFileReference; lastKnownFileType = file; path = "SF-Pro-Display-Heavy.otf"; sourceTree = "<group>"; };
		84EF337F24DFF53700C4A06B /* SF-Pro-Display-Semibold.otf */ = {isa = PBXFileReference; lastKnownFileType = file; path = "SF-Pro-Display-Semibold.otf"; sourceTree = "<group>"; };
		8C9EB5FC4EA3143652C3A67B /* Pods-MentalHealthAI.debug.xcconfig */ = {isa = PBXFileReference; includeInIndex = 1; lastKnownFileType = text.xcconfig; name = "Pods-MentalHealthAI.debug.xcconfig"; path = "Target Support Files/Pods-MentalHealthAI/Pods-MentalHealthAI.debug.xcconfig"; sourceTree = "<group>"; };
		C6AFE8B45B4E8ABB7EB8F1F6 /* Pods-MentalHealthAI-MentalHealthAIUITests.release.xcconfig */ = {isa = PBXFileReference; includeInIndex = 1; lastKnownFileType = text.xcconfig; name = "Pods-MentalHealthAI-MentalHealthAIUITests.release.xcconfig"; path = "Target Support Files/Pods-MentalHealthAI-MentalHealthAIUITests/Pods-MentalHealthAI-MentalHealthAIUITests.release.xcconfig"; sourceTree = "<group>"; };
		E5D11EAA186FAF7DF6BD5436 /* Pods_MentalHealthAI_MentalHealthAIUITests.framework */ = {isa = PBXFileReference; explicitFileType = wrapper.framework; includeInIndex = 0; path = Pods_MentalHealthAI_MentalHealthAIUITests.framework; sourceTree = BUILT_PRODUCTS_DIR; };
		F35534C0B0E26ED19A6ACBA3 /* Pods_MentalHealthAITests.framework */ = {isa = PBXFileReference; explicitFileType = wrapper.framework; includeInIndex = 0; path = Pods_MentalHealthAITests.framework; sourceTree = BUILT_PRODUCTS_DIR; };
/* End PBXFileReference section */

/* Begin PBXFrameworksBuildPhase section */
		8498B21024ADD0F10083E8A7 /* Frameworks */ = {
			isa = PBXFrameworksBuildPhase;
			buildActionMask = 2147483647;
			files = (
				AA54D36FC879392BE83A80BA /* Pods_MentalHealthAI.framework in Frameworks */,
			);
			runOnlyForDeploymentPostprocessing = 0;
		};
		8498B22624ADD0F60083E8A7 /* Frameworks */ = {
			isa = PBXFrameworksBuildPhase;
			buildActionMask = 2147483647;
			files = (
				F94A44D1A62E171E2FBB24EE /* Pods_MentalHealthAITests.framework in Frameworks */,
			);
			runOnlyForDeploymentPostprocessing = 0;
		};
		8498B23124ADD0F60083E8A7 /* Frameworks */ = {
			isa = PBXFrameworksBuildPhase;
			buildActionMask = 2147483647;
			files = (
				DC24E6931197577AC7C487F8 /* Pods_MentalHealthAI_MentalHealthAIUITests.framework in Frameworks */,
			);
			runOnlyForDeploymentPostprocessing = 0;
		};
/* End PBXFrameworksBuildPhase section */

/* Begin PBXGroup section */
		361E08CF63700386D28EB607 /* Frameworks */ = {
			isa = PBXGroup;
			children = (
				2B21EA894DBC1319397F6112 /* Pods_MentalHealthAI.framework */,
				E5D11EAA186FAF7DF6BD5436 /* Pods_MentalHealthAI_MentalHealthAIUITests.framework */,
				F35534C0B0E26ED19A6ACBA3 /* Pods_MentalHealthAITests.framework */,
			);
			name = Frameworks;
			sourceTree = "<group>";
		};
		5508B3BB9E4E8AAF105D0C3C /* Pods */ = {
			isa = PBXGroup;
			children = (
				8C9EB5FC4EA3143652C3A67B /* Pods-MentalHealthAI.debug.xcconfig */,
				05D9912A7660B5387C76D9AD /* Pods-MentalHealthAI.release.xcconfig */,
				82055F4587DFCE6C35FC00FA /* Pods-MentalHealthAI-MentalHealthAIUITests.debug.xcconfig */,
				C6AFE8B45B4E8ABB7EB8F1F6 /* Pods-MentalHealthAI-MentalHealthAIUITests.release.xcconfig */,
				30F5DF44AA48F1A96C21FB59 /* Pods-MentalHealthAITests.debug.xcconfig */,
				0B587908DDA60DCD2F115065 /* Pods-MentalHealthAITests.release.xcconfig */,
			);
			path = Pods;
			sourceTree = "<group>";
		};
		84571F3D24D55FCE004AE9A3 /* Swift Files */ = {
			isa = PBXGroup;
			children = (
				84571F3E24D55FED004AE9A3 /* GifNetwork.swift */,
				84571F4024D5643B004AE9A3 /* GIF.swift */,
			);
			path = "Swift Files";
			sourceTree = "<group>";
		};
		847D870024C2CF63000254D9 /* View Controllers */ = {
			isa = PBXGroup;
			children = (
				844E845224BBD0CA00A336EC /* ConfirmViewController.swift */,
				844E845E24BD9A2F00A336EC /* RecapViewController.swift */,
				8498B21A24ADD0F10083E8A7 /* QuestionViewController.swift */,
				847D870524C2D87F000254D9 /* SignUpViewController.swift */,
				847D870B24C2DA12000254D9 /* SignInViewController.swift */,
				847D870D24C2DBAC000254D9 /* FirstViewController.swift */,
				848A38F724C6D62800769850 /* AnalyticsHomeViewController.swift */,
				848A38F924C6D7F500769850 /* WeeklyViewController.swift */,
				84571F1B24D019DB004AE9A3 /* PopUpViewController.swift */,
				84571F1D24D02388004AE9A3 /* FeedbackViewController.swift */,
				84571F1F24D02ECB004AE9A3 /* UserFeedbackViewController.swift */,
				84571F2F24D2B8BF004AE9A3 /* MonthlyViewController.swift */,
				84571F3124D2BA47004AE9A3 /* YearlyViewController.swift */,
				84571F3324D3E8C8004AE9A3 /* BreakdownViewController.swift */,
				84571F3B24D55D74004AE9A3 /* GIPHYViewController.swift */,
				8437D9EA24D811A900D0FDB3 /* UserProfileViewController.swift */,
			);
			path = "View Controllers";
			sourceTree = "<group>";
		};
		847D870124C2CF91000254D9 /* Models */ = {
			isa = PBXGroup;
			children = (
				8437D9E824D7F91700D0FDB3 /* GRUModel2.mlmodel */,
				8437D9E624D7F63600D0FDB3 /* NewGRUModel.mlmodel */,
				8437D9E224D6831700D0FDB3 /* GRUModel.mlmodel */,
				84571F4224D681FD004AE9A3 /* StackedGRUModel.mlmodel */,
				84571F3924D3F5B4004AE9A3 /* StackedGRUModelv24.mlmodel */,
			);
			path = Models;
			sourceTree = "<group>";
		};
		847D870224C2CFA8000254D9 /* JSON */ = {
			isa = PBXGroup;
			children = (
				8437D9E424D7F62400D0FDB3 /* august_1.json */,
				84571F3724D3F26D004AE9A3 /* july_30_v24.json */,
				84571F4424D6821B004AE9A3 /* july_31_v2.json */,
				848A38FD24CD487F00769850 /* july_24_v4.json */,
			);
			path = JSON;
			sourceTree = "<group>";
		};
		8498B20A24ADD0F10083E8A7 = {
			isa = PBXGroup;
			children = (
				8498B21524ADD0F10083E8A7 /* MentalHealthAI */,
				8498B23724ADD0F60083E8A7 /* MentalHealthAIUITests */,
				8498B21424ADD0F10083E8A7 /* Products */,
				5508B3BB9E4E8AAF105D0C3C /* Pods */,
				361E08CF63700386D28EB607 /* Frameworks */,
			);
			sourceTree = "<group>";
		};
		8498B21424ADD0F10083E8A7 /* Products */ = {
			isa = PBXGroup;
			children = (
				8498B21324ADD0F10083E8A7 /* MentalHealthAI.app */,
				8498B22924ADD0F60083E8A7 /* MentalHealthAITests.xctest */,
				8498B23424ADD0F60083E8A7 /* MentalHealthAIUITests.xctest */,
			);
			name = Products;
			sourceTree = "<group>";
		};
		8498B21524ADD0F10083E8A7 /* MentalHealthAI */ = {
			isa = PBXGroup;
			children = (
				84EF337B24DFF13E00C4A06B /* Fonts */,
				84EF337A24DAAF3100C4A06B /* Resources */,
				8437D9EC24D956D400D0FDB3 /* MentalHealthAI.entitlements */,
				84571F3D24D55FCE004AE9A3 /* Swift Files */,
				847D870224C2CFA8000254D9 /* JSON */,
				847D870124C2CF91000254D9 /* Models */,
				847D870024C2CF63000254D9 /* View Controllers */,
				8498B21624ADD0F10083E8A7 /* AppDelegate.swift */,
				841B332A24BAF1210005311E /* MainTabBarController.swift */,
				84571F2B24D1461A004AE9A3 /* ReflectViewController.swift */,
				8498B21824ADD0F10083E8A7 /* SceneDelegate.swift */,
				84571F1924CE9590004AE9A3 /* GoogleService-Info.plist */,
				8498B21C24ADD0F10083E8A7 /* Main.storyboard */,
				8498B21F24ADD0F60083E8A7 /* Assets.xcassets */,
				845E267E24BDB6CB00615B4B /* DayCell.swift */,
				8498B22124ADD0F60083E8A7 /* LaunchScreen.storyboard */,
				8498B22424ADD0F60083E8A7 /* Info.plist */,
				8498B22C24ADD0F60083E8A7 /* MentalHealthAITests */,
				84571F2D24D16721004AE9A3 /* Contants.swift */,
			);
			path = MentalHealthAI;
			sourceTree = "<group>";
		};
		8498B22C24ADD0F60083E8A7 /* MentalHealthAITests */ = {
			isa = PBXGroup;
			children = (
				8498B22D24ADD0F60083E8A7 /* MentalHealthAITests.swift */,
				8498B22F24ADD0F60083E8A7 /* Info.plist */,
			);
			path = MentalHealthAITests;
			sourceTree = "<group>";
		};
		8498B23724ADD0F60083E8A7 /* MentalHealthAIUITests */ = {
			isa = PBXGroup;
			children = (
				8498B23824ADD0F60083E8A7 /* MentalHealthAIUITests.swift */,
				8498B23A24ADD0F60083E8A7 /* Info.plist */,
			);
			path = MentalHealthAIUITests;
			sourceTree = "<group>";
		};
		84EF337A24DAAF3100C4A06B /* Resources */ = {
			isa = PBXGroup;
			children = (
			);
			path = Resources;
			sourceTree = "<group>";
		};
		84EF337B24DFF13E00C4A06B /* Fonts */ = {
			isa = PBXGroup;
			children = (
				84EF337F24DFF53700C4A06B /* SF-Pro-Display-Semibold.otf */,
				84EF337E24DFF3B600C4A06B /* SF-Pro-Display-Heavy.otf */,
				84EF337C24DFF27200C4A06B /* SF-Pro.ttf */,
			);
			path = Fonts;
			sourceTree = "<group>";
		};
/* End PBXGroup section */

/* Begin PBXNativeTarget section */
		8498B21224ADD0F10083E8A7 /* MentalHealthAI */ = {
			isa = PBXNativeTarget;
			buildConfigurationList = 8498B23D24ADD0F60083E8A7 /* Build configuration list for PBXNativeTarget "MentalHealthAI" */;
			buildPhases = (
				7C760890F68B5EF03E7F85A5 /* [CP] Check Pods Manifest.lock */,
				8498B20F24ADD0F10083E8A7 /* Sources */,
				8498B21024ADD0F10083E8A7 /* Frameworks */,
				8498B21124ADD0F10083E8A7 /* Resources */,
				8E9703F63C5B02DC879C6872 /* [CP] Embed Pods Frameworks */,
				600DCEFD8F5F115F1BFE404C /* [CP] Copy Pods Resources */,
			);
			buildRules = (
			);
			dependencies = (
			);
			name = MentalHealthAI;
			productName = MentalHealthAI;
			productReference = 8498B21324ADD0F10083E8A7 /* MentalHealthAI.app */;
			productType = "com.apple.product-type.application";
		};
		8498B22824ADD0F60083E8A7 /* MentalHealthAITests */ = {
			isa = PBXNativeTarget;
			buildConfigurationList = 8498B24024ADD0F60083E8A7 /* Build configuration list for PBXNativeTarget "MentalHealthAITests" */;
			buildPhases = (
				035A506BAB10D36C5F74DBEA /* [CP] Check Pods Manifest.lock */,
				8498B22524ADD0F60083E8A7 /* Sources */,
				8498B22624ADD0F60083E8A7 /* Frameworks */,
				8498B22724ADD0F60083E8A7 /* Resources */,
			);
			buildRules = (
			);
			dependencies = (
				8498B22B24ADD0F60083E8A7 /* PBXTargetDependency */,
			);
			name = MentalHealthAITests;
			productName = MentalHealthAITests;
			productReference = 8498B22924ADD0F60083E8A7 /* MentalHealthAITests.xctest */;
			productType = "com.apple.product-type.bundle.unit-test";
		};
		8498B23324ADD0F60083E8A7 /* MentalHealthAIUITests */ = {
			isa = PBXNativeTarget;
			buildConfigurationList = 8498B24324ADD0F60083E8A7 /* Build configuration list for PBXNativeTarget "MentalHealthAIUITests" */;
			buildPhases = (
				235EEB9601614AFBD271F8C0 /* [CP] Check Pods Manifest.lock */,
				8498B23024ADD0F60083E8A7 /* Sources */,
				8498B23124ADD0F60083E8A7 /* Frameworks */,
				8498B23224ADD0F60083E8A7 /* Resources */,
				D13AD7FC1D92FB320BC3A759 /* [CP] Embed Pods Frameworks */,
				36F7F49AC7800FE97F38AE86 /* [CP] Copy Pods Resources */,
			);
			buildRules = (
			);
			dependencies = (
				8498B23624ADD0F60083E8A7 /* PBXTargetDependency */,
			);
			name = MentalHealthAIUITests;
			productName = MentalHealthAIUITests;
			productReference = 8498B23424ADD0F60083E8A7 /* MentalHealthAIUITests.xctest */;
			productType = "com.apple.product-type.bundle.ui-testing";
		};
/* End PBXNativeTarget section */

/* Begin PBXProject section */
		8498B20B24ADD0F10083E8A7 /* Project object */ = {
			isa = PBXProject;
			attributes = {
				LastSwiftUpdateCheck = 1150;
				LastUpgradeCheck = 1150;
				ORGANIZATIONNAME = "Sawant,Inc.";
				TargetAttributes = {
					8498B21224ADD0F10083E8A7 = {
						CreatedOnToolsVersion = 11.5;
					};
					8498B22824ADD0F60083E8A7 = {
						CreatedOnToolsVersion = 11.5;
						TestTargetID = 8498B21224ADD0F10083E8A7;
					};
					8498B23324ADD0F60083E8A7 = {
						CreatedOnToolsVersion = 11.5;
						TestTargetID = 8498B21224ADD0F10083E8A7;
					};
				};
			};
			buildConfigurationList = 8498B20E24ADD0F10083E8A7 /* Build configuration list for PBXProject "MentalHealthAI" */;
			compatibilityVersion = "Xcode 9.3";
			developmentRegion = en;
			hasScannedForEncodings = 0;
			knownRegions = (
				en,
				Base,
			);
			mainGroup = 8498B20A24ADD0F10083E8A7;
			productRefGroup = 8498B21424ADD0F10083E8A7 /* Products */;
			projectDirPath = "";
			projectRoot = "";
			targets = (
				8498B21224ADD0F10083E8A7 /* MentalHealthAI */,
				8498B22824ADD0F60083E8A7 /* MentalHealthAITests */,
				8498B23324ADD0F60083E8A7 /* MentalHealthAIUITests */,
			);
		};
/* End PBXProject section */

/* Begin PBXResourcesBuildPhase section */
		8498B21124ADD0F10083E8A7 /* Resources */ = {
			isa = PBXResourcesBuildPhase;
			buildActionMask = 2147483647;
			files = (
				84571F3824D3F26D004AE9A3 /* july_30_v24.json in Resources */,
				84EF338124DFF53E00C4A06B /* SF-Pro-Display-Heavy.otf in Resources */,
				8498B22324ADD0F60083E8A7 /* LaunchScreen.storyboard in Resources */,
				84EF338024DFF53700C4A06B /* SF-Pro-Display-Semibold.otf in Resources */,
				84571F1A24CE9590004AE9A3 /* GoogleService-Info.plist in Resources */,
				848A38FE24CD488000769850 /* july_24_v4.json in Resources */,
				8498B22024ADD0F60083E8A7 /* Assets.xcassets in Resources */,
				8498B21E24ADD0F10083E8A7 /* Main.storyboard in Resources */,
				8437D9E524D7F62600D0FDB3 /* august_1.json in Resources */,
				84EF337D24DFF27200C4A06B /* SF-Pro.ttf in Resources */,
				84571F4524D6821B004AE9A3 /* july_31_v2.json in Resources */,
			);
			runOnlyForDeploymentPostprocessing = 0;
		};
		8498B22724ADD0F60083E8A7 /* Resources */ = {
			isa = PBXResourcesBuildPhase;
			buildActionMask = 2147483647;
			files = (
			);
			runOnlyForDeploymentPostprocessing = 0;
		};
		8498B23224ADD0F60083E8A7 /* Resources */ = {
			isa = PBXResourcesBuildPhase;
			buildActionMask = 2147483647;
			files = (
			);
			runOnlyForDeploymentPostprocessing = 0;
		};
/* End PBXResourcesBuildPhase section */

/* Begin PBXShellScriptBuildPhase section */
		035A506BAB10D36C5F74DBEA /* [CP] Check Pods Manifest.lock */ = {
			isa = PBXShellScriptBuildPhase;
			buildActionMask = 2147483647;
			files = (
			);
			inputFileListPaths = (
			);
			inputPaths = (
				"${PODS_PODFILE_DIR_PATH}/Podfile.lock",
				"${PODS_ROOT}/Manifest.lock",
			);
			name = "[CP] Check Pods Manifest.lock";
			outputFileListPaths = (
			);
			outputPaths = (
				"$(DERIVED_FILE_DIR)/Pods-MentalHealthAITests-checkManifestLockResult.txt",
			);
			runOnlyForDeploymentPostprocessing = 0;
			shellPath = /bin/sh;
			shellScript = "diff \"${PODS_PODFILE_DIR_PATH}/Podfile.lock\" \"${PODS_ROOT}/Manifest.lock\" > /dev/null\nif [ $? != 0 ] ; then\n    # print error to STDERR\n    echo \"error: The sandbox is not in sync with the Podfile.lock. Run 'pod install' or update your CocoaPods installation.\" >&2\n    exit 1\nfi\n# This output is used by Xcode 'outputs' to avoid re-running this script phase.\necho \"SUCCESS\" > \"${SCRIPT_OUTPUT_FILE_0}\"\n";
			showEnvVarsInLog = 0;
		};
		235EEB9601614AFBD271F8C0 /* [CP] Check Pods Manifest.lock */ = {
			isa = PBXShellScriptBuildPhase;
			buildActionMask = 2147483647;
			files = (
			);
			inputFileListPaths = (
			);
			inputPaths = (
				"${PODS_PODFILE_DIR_PATH}/Podfile.lock",
				"${PODS_ROOT}/Manifest.lock",
			);
			name = "[CP] Check Pods Manifest.lock";
			outputFileListPaths = (
			);
			outputPaths = (
				"$(DERIVED_FILE_DIR)/Pods-MentalHealthAI-MentalHealthAIUITests-checkManifestLockResult.txt",
			);
			runOnlyForDeploymentPostprocessing = 0;
			shellPath = /bin/sh;
			shellScript = "diff \"${PODS_PODFILE_DIR_PATH}/Podfile.lock\" \"${PODS_ROOT}/Manifest.lock\" > /dev/null\nif [ $? != 0 ] ; then\n    # print error to STDERR\n    echo \"error: The sandbox is not in sync with the Podfile.lock. Run 'pod install' or update your CocoaPods installation.\" >&2\n    exit 1\nfi\n# This output is used by Xcode 'outputs' to avoid re-running this script phase.\necho \"SUCCESS\" > \"${SCRIPT_OUTPUT_FILE_0}\"\n";
			showEnvVarsInLog = 0;
		};
		36F7F49AC7800FE97F38AE86 /* [CP] Copy Pods Resources */ = {
			isa = PBXShellScriptBuildPhase;
			buildActionMask = 2147483647;
			files = (
			);
			inputFileListPaths = (
				"${PODS_ROOT}/Target Support Files/Pods-MentalHealthAI-MentalHealthAIUITests/Pods-MentalHealthAI-MentalHealthAIUITests-resources-${CONFIGURATION}-input-files.xcfilelist",
			);
			name = "[CP] Copy Pods Resources";
			outputFileListPaths = (
				"${PODS_ROOT}/Target Support Files/Pods-MentalHealthAI-MentalHealthAIUITests/Pods-MentalHealthAI-MentalHealthAIUITests-resources-${CONFIGURATION}-output-files.xcfilelist",
			);
			runOnlyForDeploymentPostprocessing = 0;
			shellPath = /bin/sh;
			shellScript = "\"${PODS_ROOT}/Target Support Files/Pods-MentalHealthAI-MentalHealthAIUITests/Pods-MentalHealthAI-MentalHealthAIUITests-resources.sh\"\n";
			showEnvVarsInLog = 0;
		};
		600DCEFD8F5F115F1BFE404C /* [CP] Copy Pods Resources */ = {
			isa = PBXShellScriptBuildPhase;
			buildActionMask = 2147483647;
			files = (
			);
			inputFileListPaths = (
				"${PODS_ROOT}/Target Support Files/Pods-MentalHealthAI/Pods-MentalHealthAI-resources-${CONFIGURATION}-input-files.xcfilelist",
			);
			name = "[CP] Copy Pods Resources";
			outputFileListPaths = (
				"${PODS_ROOT}/Target Support Files/Pods-MentalHealthAI/Pods-MentalHealthAI-resources-${CONFIGURATION}-output-files.xcfilelist",
			);
			runOnlyForDeploymentPostprocessing = 0;
			shellPath = /bin/sh;
			shellScript = "\"${PODS_ROOT}/Target Support Files/Pods-MentalHealthAI/Pods-MentalHealthAI-resources.sh\"\n";
			showEnvVarsInLog = 0;
		};
		7C760890F68B5EF03E7F85A5 /* [CP] Check Pods Manifest.lock */ = {
			isa = PBXShellScriptBuildPhase;
			buildActionMask = 2147483647;
			files = (
			);
			inputFileListPaths = (
			);
			inputPaths = (
				"${PODS_PODFILE_DIR_PATH}/Podfile.lock",
				"${PODS_ROOT}/Manifest.lock",
			);
			name = "[CP] Check Pods Manifest.lock";
			outputFileListPaths = (
			);
			outputPaths = (
				"$(DERIVED_FILE_DIR)/Pods-MentalHealthAI-checkManifestLockResult.txt",
			);
			runOnlyForDeploymentPostprocessing = 0;
			shellPath = /bin/sh;
			shellScript = "diff \"${PODS_PODFILE_DIR_PATH}/Podfile.lock\" \"${PODS_ROOT}/Manifest.lock\" > /dev/null\nif [ $? != 0 ] ; then\n    # print error to STDERR\n    echo \"error: The sandbox is not in sync with the Podfile.lock. Run 'pod install' or update your CocoaPods installation.\" >&2\n    exit 1\nfi\n# This output is used by Xcode 'outputs' to avoid re-running this script phase.\necho \"SUCCESS\" > \"${SCRIPT_OUTPUT_FILE_0}\"\n";
			showEnvVarsInLog = 0;
		};
		8E9703F63C5B02DC879C6872 /* [CP] Embed Pods Frameworks */ = {
			isa = PBXShellScriptBuildPhase;
			buildActionMask = 2147483647;
			files = (
			);
			inputFileListPaths = (
				"${PODS_ROOT}/Target Support Files/Pods-MentalHealthAI/Pods-MentalHealthAI-frameworks-${CONFIGURATION}-input-files.xcfilelist",
			);
			name = "[CP] Embed Pods Frameworks";
			outputFileListPaths = (
				"${PODS_ROOT}/Target Support Files/Pods-MentalHealthAI/Pods-MentalHealthAI-frameworks-${CONFIGURATION}-output-files.xcfilelist",
			);
			runOnlyForDeploymentPostprocessing = 0;
			shellPath = /bin/sh;
			shellScript = "\"${PODS_ROOT}/Target Support Files/Pods-MentalHealthAI/Pods-MentalHealthAI-frameworks.sh\"\n";
			showEnvVarsInLog = 0;
		};
		D13AD7FC1D92FB320BC3A759 /* [CP] Embed Pods Frameworks */ = {
			isa = PBXShellScriptBuildPhase;
			buildActionMask = 2147483647;
			files = (
			);
			inputFileListPaths = (
				"${PODS_ROOT}/Target Support Files/Pods-MentalHealthAI-MentalHealthAIUITests/Pods-MentalHealthAI-MentalHealthAIUITests-frameworks-${CONFIGURATION}-input-files.xcfilelist",
			);
			name = "[CP] Embed Pods Frameworks";
			outputFileListPaths = (
				"${PODS_ROOT}/Target Support Files/Pods-MentalHealthAI-MentalHealthAIUITests/Pods-MentalHealthAI-MentalHealthAIUITests-frameworks-${CONFIGURATION}-output-files.xcfilelist",
			);
			runOnlyForDeploymentPostprocessing = 0;
			shellPath = /bin/sh;
			shellScript = "\"${PODS_ROOT}/Target Support Files/Pods-MentalHealthAI-MentalHealthAIUITests/Pods-MentalHealthAI-MentalHealthAIUITests-frameworks.sh\"\n";
			showEnvVarsInLog = 0;
		};
/* End PBXShellScriptBuildPhase section */

/* Begin PBXSourcesBuildPhase section */
		8498B20F24ADD0F10083E8A7 /* Sources */ = {
			isa = PBXSourcesBuildPhase;
			buildActionMask = 2147483647;
			files = (
				847D870C24C2DA12000254D9 /* SignInViewController.swift in Sources */,
				84571F3F24D55FED004AE9A3 /* GifNetwork.swift in Sources */,
				84571F2C24D1461A004AE9A3 /* ReflectViewController.swift in Sources */,
				844E845F24BD9A2F00A336EC /* RecapViewController.swift in Sources */,
				84571F3C24D55D74004AE9A3 /* GIPHYViewController.swift in Sources */,
				84571F1E24D02388004AE9A3 /* FeedbackViewController.swift in Sources */,
				8437D9E924D7F91700D0FDB3 /* GRUModel2.mlmodel in Sources */,
				845E267F24BDB6CB00615B4B /* DayCell.swift in Sources */,
				848A38F824C6D62800769850 /* AnalyticsHomeViewController.swift in Sources */,
				8498B21B24ADD0F10083E8A7 /* QuestionViewController.swift in Sources */,
				8437D9EB24D811A900D0FDB3 /* UserProfileViewController.swift in Sources */,
				84571F3424D3E8C8004AE9A3 /* BreakdownViewController.swift in Sources */,
				84571F2E24D16721004AE9A3 /* Contants.swift in Sources */,
				8498B21724ADD0F10083E8A7 /* AppDelegate.swift in Sources */,
				8437D9E724D7F63600D0FDB3 /* NewGRUModel.mlmodel in Sources */,
				84571F4324D681FD004AE9A3 /* StackedGRUModel.mlmodel in Sources */,
				841B332B24BAF1210005311E /* MainTabBarController.swift in Sources */,
				8437D9E324D6831700D0FDB3 /* GRUModel.mlmodel in Sources */,
				84571F3A24D3F5B4004AE9A3 /* StackedGRUModelv24.mlmodel in Sources */,
				84571F2024D02ECB004AE9A3 /* UserFeedbackViewController.swift in Sources */,
				844E845324BBD0CA00A336EC /* ConfirmViewController.swift in Sources */,
				8498B21924ADD0F10083E8A7 /* SceneDelegate.swift in Sources */,
				84571F3024D2B8BF004AE9A3 /* MonthlyViewController.swift in Sources */,
				84571F3224D2BA47004AE9A3 /* YearlyViewController.swift in Sources */,
				84571F1C24D019DB004AE9A3 /* PopUpViewController.swift in Sources */,
				847D870624C2D87F000254D9 /* SignUpViewController.swift in Sources */,
				84571F4124D5643B004AE9A3 /* GIF.swift in Sources */,
				848A38FA24C6D7F500769850 /* WeeklyViewController.swift in Sources */,
				847D870E24C2DBAC000254D9 /* FirstViewController.swift in Sources */,
			);
			runOnlyForDeploymentPostprocessing = 0;
		};
		8498B22524ADD0F60083E8A7 /* Sources */ = {
			isa = PBXSourcesBuildPhase;
			buildActionMask = 2147483647;
			files = (
				8498B22E24ADD0F60083E8A7 /* MentalHealthAITests.swift in Sources */,
			);
			runOnlyForDeploymentPostprocessing = 0;
		};
		8498B23024ADD0F60083E8A7 /* Sources */ = {
			isa = PBXSourcesBuildPhase;
			buildActionMask = 2147483647;
			files = (
				8498B23924ADD0F60083E8A7 /* MentalHealthAIUITests.swift in Sources */,
			);
			runOnlyForDeploymentPostprocessing = 0;
		};
/* End PBXSourcesBuildPhase section */

/* Begin PBXTargetDependency section */
		8498B22B24ADD0F60083E8A7 /* PBXTargetDependency */ = {
			isa = PBXTargetDependency;
			target = 8498B21224ADD0F10083E8A7 /* MentalHealthAI */;
			targetProxy = 8498B22A24ADD0F60083E8A7 /* PBXContainerItemProxy */;
		};
		8498B23624ADD0F60083E8A7 /* PBXTargetDependency */ = {
			isa = PBXTargetDependency;
			target = 8498B21224ADD0F10083E8A7 /* MentalHealthAI */;
			targetProxy = 8498B23524ADD0F60083E8A7 /* PBXContainerItemProxy */;
		};
/* End PBXTargetDependency section */

/* Begin PBXVariantGroup section */
		8498B21C24ADD0F10083E8A7 /* Main.storyboard */ = {
			isa = PBXVariantGroup;
			children = (
				8498B21D24ADD0F10083E8A7 /* Base */,
			);
			name = Main.storyboard;
			sourceTree = "<group>";
		};
		8498B22124ADD0F60083E8A7 /* LaunchScreen.storyboard */ = {
			isa = PBXVariantGroup;
			children = (
				8498B22224ADD0F60083E8A7 /* Base */,
			);
			name = LaunchScreen.storyboard;
			sourceTree = "<group>";
		};
/* End PBXVariantGroup section */

/* Begin XCBuildConfiguration section */
		8498B23B24ADD0F60083E8A7 /* Debug */ = {
			isa = XCBuildConfiguration;
			buildSettings = {
				ALWAYS_SEARCH_USER_PATHS = NO;
				CLANG_ANALYZER_NONNULL = YES;
				CLANG_ANALYZER_NUMBER_OBJECT_CONVERSION = YES_AGGRESSIVE;
				CLANG_CXX_LANGUAGE_STANDARD = "gnu++14";
				CLANG_CXX_LIBRARY = "libc++";
				CLANG_ENABLE_MODULES = YES;
				CLANG_ENABLE_OBJC_ARC = YES;
				CLANG_ENABLE_OBJC_WEAK = YES;
				CLANG_WARN_BLOCK_CAPTURE_AUTORELEASING = YES;
				CLANG_WARN_BOOL_CONVERSION = YES;
				CLANG_WARN_COMMA = YES;
				CLANG_WARN_CONSTANT_CONVERSION = YES;
				CLANG_WARN_DEPRECATED_OBJC_IMPLEMENTATIONS = YES;
				CLANG_WARN_DIRECT_OBJC_ISA_USAGE = YES_ERROR;
				CLANG_WARN_DOCUMENTATION_COMMENTS = YES;
				CLANG_WARN_EMPTY_BODY = YES;
				CLANG_WARN_ENUM_CONVERSION = YES;
				CLANG_WARN_INFINITE_RECURSION = YES;
				CLANG_WARN_INT_CONVERSION = YES;
				CLANG_WARN_NON_LITERAL_NULL_CONVERSION = YES;
				CLANG_WARN_OBJC_IMPLICIT_RETAIN_SELF = YES;
				CLANG_WARN_OBJC_LITERAL_CONVERSION = YES;
				CLANG_WARN_OBJC_ROOT_CLASS = YES_ERROR;
				CLANG_WARN_RANGE_LOOP_ANALYSIS = YES;
				CLANG_WARN_STRICT_PROTOTYPES = YES;
				CLANG_WARN_SUSPICIOUS_MOVE = YES;
				CLANG_WARN_UNGUARDED_AVAILABILITY = YES_AGGRESSIVE;
				CLANG_WARN_UNREACHABLE_CODE = YES;
				CLANG_WARN__DUPLICATE_METHOD_MATCH = YES;
				COPY_PHASE_STRIP = NO;
				DEBUG_INFORMATION_FORMAT = dwarf;
				ENABLE_STRICT_OBJC_MSGSEND = YES;
				ENABLE_TESTABILITY = YES;
				GCC_C_LANGUAGE_STANDARD = gnu11;
				GCC_DYNAMIC_NO_PIC = NO;
				GCC_NO_COMMON_BLOCKS = YES;
				GCC_OPTIMIZATION_LEVEL = 0;
				GCC_PREPROCESSOR_DEFINITIONS = (
					"DEBUG=1",
					"$(inherited)",
				);
				GCC_WARN_64_TO_32_BIT_CONVERSION = YES;
				GCC_WARN_ABOUT_RETURN_TYPE = YES_ERROR;
				GCC_WARN_UNDECLARED_SELECTOR = YES;
				GCC_WARN_UNINITIALIZED_AUTOS = YES_AGGRESSIVE;
				GCC_WARN_UNUSED_FUNCTION = YES;
				GCC_WARN_UNUSED_VARIABLE = YES;
				IPHONEOS_DEPLOYMENT_TARGET = 13.5;
				MTL_ENABLE_DEBUG_INFO = INCLUDE_SOURCE;
				MTL_FAST_MATH = YES;
				ONLY_ACTIVE_ARCH = YES;
				SDKROOT = iphoneos;
				SWIFT_ACTIVE_COMPILATION_CONDITIONS = DEBUG;
				SWIFT_OPTIMIZATION_LEVEL = "-Onone";
			};
			name = Debug;
		};
		8498B23C24ADD0F60083E8A7 /* Release */ = {
			isa = XCBuildConfiguration;
			buildSettings = {
				ALWAYS_SEARCH_USER_PATHS = NO;
				CLANG_ANALYZER_NONNULL = YES;
				CLANG_ANALYZER_NUMBER_OBJECT_CONVERSION = YES_AGGRESSIVE;
				CLANG_CXX_LANGUAGE_STANDARD = "gnu++14";
				CLANG_CXX_LIBRARY = "libc++";
				CLANG_ENABLE_MODULES = YES;
				CLANG_ENABLE_OBJC_ARC = YES;
				CLANG_ENABLE_OBJC_WEAK = YES;
				CLANG_WARN_BLOCK_CAPTURE_AUTORELEASING = YES;
				CLANG_WARN_BOOL_CONVERSION = YES;
				CLANG_WARN_COMMA = YES;
				CLANG_WARN_CONSTANT_CONVERSION = YES;
				CLANG_WARN_DEPRECATED_OBJC_IMPLEMENTATIONS = YES;
				CLANG_WARN_DIRECT_OBJC_ISA_USAGE = YES_ERROR;
				CLANG_WARN_DOCUMENTATION_COMMENTS = YES;
				CLANG_WARN_EMPTY_BODY = YES;
				CLANG_WARN_ENUM_CONVERSION = YES;
				CLANG_WARN_INFINITE_RECURSION = YES;
				CLANG_WARN_INT_CONVERSION = YES;
				CLANG_WARN_NON_LITERAL_NULL_CONVERSION = YES;
				CLANG_WARN_OBJC_IMPLICIT_RETAIN_SELF = YES;
				CLANG_WARN_OBJC_LITERAL_CONVERSION = YES;
				CLANG_WARN_OBJC_ROOT_CLASS = YES_ERROR;
				CLANG_WARN_RANGE_LOOP_ANALYSIS = YES;
				CLANG_WARN_STRICT_PROTOTYPES = YES;
				CLANG_WARN_SUSPICIOUS_MOVE = YES;
				CLANG_WARN_UNGUARDED_AVAILABILITY = YES_AGGRESSIVE;
				CLANG_WARN_UNREACHABLE_CODE = YES;
				CLANG_WARN__DUPLICATE_METHOD_MATCH = YES;
				COPY_PHASE_STRIP = NO;
				DEBUG_INFORMATION_FORMAT = "dwarf-with-dsym";
				ENABLE_NS_ASSERTIONS = NO;
				ENABLE_STRICT_OBJC_MSGSEND = YES;
				GCC_C_LANGUAGE_STANDARD = gnu11;
				GCC_NO_COMMON_BLOCKS = YES;
				GCC_WARN_64_TO_32_BIT_CONVERSION = YES;
				GCC_WARN_ABOUT_RETURN_TYPE = YES_ERROR;
				GCC_WARN_UNDECLARED_SELECTOR = YES;
				GCC_WARN_UNINITIALIZED_AUTOS = YES_AGGRESSIVE;
				GCC_WARN_UNUSED_FUNCTION = YES;
				GCC_WARN_UNUSED_VARIABLE = YES;
				IPHONEOS_DEPLOYMENT_TARGET = 13.5;
				MTL_ENABLE_DEBUG_INFO = NO;
				MTL_FAST_MATH = YES;
				SDKROOT = iphoneos;
				SWIFT_COMPILATION_MODE = wholemodule;
				SWIFT_OPTIMIZATION_LEVEL = "-O";
				VALIDATE_PRODUCT = YES;
			};
			name = Release;
		};
		8498B23E24ADD0F60083E8A7 /* Debug */ = {
			isa = XCBuildConfiguration;
			baseConfigurationReference = 8C9EB5FC4EA3143652C3A67B /* Pods-MentalHealthAI.debug.xcconfig */;
			buildSettings = {
				ASSETCATALOG_COMPILER_APPICON_NAME = AppIcon;
				CODE_SIGN_ENTITLEMENTS = MentalHealthAI/MentalHealthAI.entitlements;
				CODE_SIGN_STYLE = Automatic;
				DEVELOPMENT_TEAM = RDGZU8G65V;
				INFOPLIST_FILE = MentalHealthAI/Info.plist;
				IPHONEOS_DEPLOYMENT_TARGET = 13.6;
				LD_RUNPATH_SEARCH_PATHS = (
					"$(inherited)",
					"@executable_path/Frameworks",
				);
				PRODUCT_BUNDLE_IDENTIFIER = com.MentalHealthAI;
				PRODUCT_NAME = "$(TARGET_NAME)";
				SWIFT_VERSION = 5.0;
				TARGETED_DEVICE_FAMILY = "1,2";
			};
			name = Debug;
		};
		8498B23F24ADD0F60083E8A7 /* Release */ = {
			isa = XCBuildConfiguration;
			baseConfigurationReference = 05D9912A7660B5387C76D9AD /* Pods-MentalHealthAI.release.xcconfig */;
			buildSettings = {
				ASSETCATALOG_COMPILER_APPICON_NAME = AppIcon;
				CODE_SIGN_ENTITLEMENTS = MentalHealthAI/MentalHealthAI.entitlements;
				CODE_SIGN_STYLE = Automatic;
				DEVELOPMENT_TEAM = RDGZU8G65V;
				INFOPLIST_FILE = MentalHealthAI/Info.plist;
				IPHONEOS_DEPLOYMENT_TARGET = 13.6;
				LD_RUNPATH_SEARCH_PATHS = (
					"$(inherited)",
					"@executable_path/Frameworks",
				);
				PRODUCT_BUNDLE_IDENTIFIER = com.MentalHealthAI;
				PRODUCT_NAME = "$(TARGET_NAME)";
				SWIFT_VERSION = 5.0;
				TARGETED_DEVICE_FAMILY = "1,2";
			};
			name = Release;
		};
		8498B24124ADD0F60083E8A7 /* Debug */ = {
			isa = XCBuildConfiguration;
			baseConfigurationReference = 30F5DF44AA48F1A96C21FB59 /* Pods-MentalHealthAITests.debug.xcconfig */;
			buildSettings = {
				ALWAYS_EMBED_SWIFT_STANDARD_LIBRARIES = YES;
				BUNDLE_LOADER = "$(TEST_HOST)";
				CODE_SIGN_STYLE = Automatic;
				INFOPLIST_FILE = MentalHealthAITests/Info.plist;
				IPHONEOS_DEPLOYMENT_TARGET = 13.5;
				LD_RUNPATH_SEARCH_PATHS = (
					"$(inherited)",
					"@executable_path/Frameworks",
					"@loader_path/Frameworks",
				);
				PRODUCT_BUNDLE_IDENTIFIER = com.MentalHealthAITests;
				PRODUCT_NAME = "$(TARGET_NAME)";
				SWIFT_VERSION = 5.0;
				TARGETED_DEVICE_FAMILY = "1,2";
				TEST_HOST = "$(BUILT_PRODUCTS_DIR)/MentalHealthAI.app/MentalHealthAI";
			};
			name = Debug;
		};
		8498B24224ADD0F60083E8A7 /* Release */ = {
			isa = XCBuildConfiguration;
			baseConfigurationReference = 0B587908DDA60DCD2F115065 /* Pods-MentalHealthAITests.release.xcconfig */;
			buildSettings = {
				ALWAYS_EMBED_SWIFT_STANDARD_LIBRARIES = YES;
				BUNDLE_LOADER = "$(TEST_HOST)";
				CODE_SIGN_STYLE = Automatic;
				INFOPLIST_FILE = MentalHealthAITests/Info.plist;
				IPHONEOS_DEPLOYMENT_TARGET = 13.5;
				LD_RUNPATH_SEARCH_PATHS = (
					"$(inherited)",
					"@executable_path/Frameworks",
					"@loader_path/Frameworks",
				);
				PRODUCT_BUNDLE_IDENTIFIER = com.MentalHealthAITests;
				PRODUCT_NAME = "$(TARGET_NAME)";
				SWIFT_VERSION = 5.0;
				TARGETED_DEVICE_FAMILY = "1,2";
				TEST_HOST = "$(BUILT_PRODUCTS_DIR)/MentalHealthAI.app/MentalHealthAI";
			};
			name = Release;
		};
		8498B24424ADD0F60083E8A7 /* Debug */ = {
			isa = XCBuildConfiguration;
			baseConfigurationReference = 82055F4587DFCE6C35FC00FA /* Pods-MentalHealthAI-MentalHealthAIUITests.debug.xcconfig */;
			buildSettings = {
				ALWAYS_EMBED_SWIFT_STANDARD_LIBRARIES = YES;
				CODE_SIGN_STYLE = Automatic;
				INFOPLIST_FILE = MentalHealthAIUITests/Info.plist;
				LD_RUNPATH_SEARCH_PATHS = (
					"$(inherited)",
					"@executable_path/Frameworks",
					"@loader_path/Frameworks",
				);
				PRODUCT_BUNDLE_IDENTIFIER = com.MentalHealthAIUITests;
				PRODUCT_NAME = "$(TARGET_NAME)";
				SWIFT_VERSION = 5.0;
				TARGETED_DEVICE_FAMILY = "1,2";
				TEST_TARGET_NAME = MentalHealthAI;
			};
			name = Debug;
		};
		8498B24524ADD0F60083E8A7 /* Release */ = {
			isa = XCBuildConfiguration;
			baseConfigurationReference = C6AFE8B45B4E8ABB7EB8F1F6 /* Pods-MentalHealthAI-MentalHealthAIUITests.release.xcconfig */;
			buildSettings = {
				ALWAYS_EMBED_SWIFT_STANDARD_LIBRARIES = YES;
				CODE_SIGN_STYLE = Automatic;
				INFOPLIST_FILE = MentalHealthAIUITests/Info.plist;
				LD_RUNPATH_SEARCH_PATHS = (
					"$(inherited)",
					"@executable_path/Frameworks",
					"@loader_path/Frameworks",
				);
				PRODUCT_BUNDLE_IDENTIFIER = com.MentalHealthAIUITests;
				PRODUCT_NAME = "$(TARGET_NAME)";
				SWIFT_VERSION = 5.0;
				TARGETED_DEVICE_FAMILY = "1,2";
				TEST_TARGET_NAME = MentalHealthAI;
			};
			name = Release;
		};
/* End XCBuildConfiguration section */

/* Begin XCConfigurationList section */
		8498B20E24ADD0F10083E8A7 /* Build configuration list for PBXProject "MentalHealthAI" */ = {
			isa = XCConfigurationList;
			buildConfigurations = (
				8498B23B24ADD0F60083E8A7 /* Debug */,
				8498B23C24ADD0F60083E8A7 /* Release */,
			);
			defaultConfigurationIsVisible = 0;
			defaultConfigurationName = Release;
		};
		8498B23D24ADD0F60083E8A7 /* Build configuration list for PBXNativeTarget "MentalHealthAI" */ = {
			isa = XCConfigurationList;
			buildConfigurations = (
				8498B23E24ADD0F60083E8A7 /* Debug */,
				8498B23F24ADD0F60083E8A7 /* Release */,
			);
			defaultConfigurationIsVisible = 0;
			defaultConfigurationName = Release;
		};
		8498B24024ADD0F60083E8A7 /* Build configuration list for PBXNativeTarget "MentalHealthAITests" */ = {
			isa = XCConfigurationList;
			buildConfigurations = (
				8498B24124ADD0F60083E8A7 /* Debug */,
				8498B24224ADD0F60083E8A7 /* Release */,
			);
			defaultConfigurationIsVisible = 0;
			defaultConfigurationName = Release;
		};
		8498B24324ADD0F60083E8A7 /* Build configuration list for PBXNativeTarget "MentalHealthAIUITests" */ = {
			isa = XCConfigurationList;
			buildConfigurations = (
				8498B24424ADD0F60083E8A7 /* Debug */,
				8498B24524ADD0F60083E8A7 /* Release */,
			);
			defaultConfigurationIsVisible = 0;
			defaultConfigurationName = Release;
		};
/* End XCConfigurationList section */
	};
	rootObject = 8498B20B24ADD0F10083E8A7 /* Project object */;
}
